// !$*UTF8*$!
{
	archiveVersion = 1;
	classes = {
	};
	objectVersion = 46;
	objects = {

/* Begin PBXBuildFile section */
		696735C81E3A727800B292A9 /* main.m in Sources */ = {isa = PBXBuildFile; fileRef = 696735C71E3A727800B292A9 /* main.m */; };
		696735D01E3A729600B292A9 /* Car.m in Sources */ = {isa = PBXBuildFile; fileRef = 696735CF1E3A729600B292A9 /* Car.m */; };
		69DC499C1E3BDA8500BC897B /* Toyota.m in Sources */ = {isa = PBXBuildFile; fileRef = 69DC499B1E3BDA8500BC897B /* Toyota.m */; };
/* End PBXBuildFile section */

/* Begin PBXCopyFilesBuildPhase section */
		696735C21E3A727800B292A9 /* CopyFiles */ = {
			isa = PBXCopyFilesBuildPhase;
			buildActionMask = 2147483647;
			dstPath = /usr/share/man/man1/;
			dstSubfolderSpec = 0;
			files = (
			);
			runOnlyForDeploymentPostprocessing = 1;
		};
/* End PBXCopyFilesBuildPhase section */

/* Begin PBXFileReference section */
		696735C41E3A727800B292A9 /* Toyotas_are_Cars_too! */ = {isa = PBXFileReference; explicitFileType = "compiled.mach-o.executable"; includeInIndex = 0; path = "Toyotas_are_Cars_too!"; sourceTree = BUILT_PRODUCTS_DIR; };
		696735C71E3A727800B292A9 /* main.m */ = {isa = PBXFileReference; lastKnownFileType = sourcecode.c.objc; path = main.m; sourceTree = "<group>"; };
		696735CE1E3A729600B292A9 /* Car.h */ = {isa = PBXFileReference; fileEncoding = 4; lastKnownFileType = sourcecode.c.h; path = Car.h; sourceTree = "<group>"; };
		696735CF1E3A729600B292A9 /* Car.m */ = {isa = PBXFileReference; fileEncoding = 4; lastKnownFileType = sourcecode.c.objc; path = Car.m; sourceTree = "<group>"; };
		69DC499A1E3BDA8500BC897B /* Toyota.h */ = {isa = PBXFileReference; fileEncoding = 4; lastKnownFileType = sourcecode.c.h; path = Toyota.h; sourceTree = "<group>"; };
		69DC499B1E3BDA8500BC897B /* Toyota.m */ = {isa = PBXFileReference; fileEncoding = 4; lastKnownFileType = sourcecode.c.objc; path = Toyota.m; sourceTree = "<group>"; };
/* End PBXFileReference section */

/* Begin PBXFrameworksBuildPhase section */
		696735C11E3A727800B292A9 /* Frameworks */ = {
			isa = PBXFrameworksBuildPhase;
			buildActionMask = 2147483647;
			files = (
			);
			runOnlyForDeploymentPostprocessing = 0;
		};
/* End PBXFrameworksBuildPhase section */

/* Begin PBXGroup section */
		696735BB1E3A727800B292A9 = {
			isa = PBXGroup;
			children = (
				696735C61E3A727800B292A9 /* Toyotas_are_Cars_too! */,
				696735C51E3A727800B292A9 /* Products */,
			);
			sourceTree = "<group>";
		};
		696735C51E3A727800B292A9 /* Products */ = {
			isa = PBXGroup;
			children = (
				696735C41E3A727800B292A9 /* Toyotas_are_Cars_too! */,
			);
			name = Products;
			sourceTree = "<group>";
		};
		696735C61E3A727800B292A9 /* Toyotas_are_Cars_too! */ = {
			isa = PBXGroup;
			children = (
				696735C71E3A727800B292A9 /* main.m */,
				696735CE1E3A729600B292A9 /* Car.h */,
				696735CF1E3A729600B292A9 /* Car.m */,
				69DC499A1E3BDA8500BC897B /* Toyota.h */,
				69DC499B1E3BDA8500BC897B /* Toyota.m */,
			);
			path = "Toyotas_are_Cars_too!";
			sourceTree = "<group>";
		};
/* End PBXGroup section */

/* Begin PBXNativeTarget section */
		696735C31E3A727800B292A9 /* Toyotas_are_Cars_too! */ = {
			isa = PBXNativeTarget;
			buildConfigurationList = 696735CB1E3A727800B292A9 /* Build configuration list for PBXNativeTarget "Toyotas_are_Cars_too!" */;
			buildPhases = (
				696735C01E3A727800B292A9 /* Sources */,
				696735C11E3A727800B292A9 /* Frameworks */,
				696735C21E3A727800B292A9 /* CopyFiles */,
			);
			buildRules = (
			);
			dependencies = (
			);
			name = "Toyotas_are_Cars_too!";
			productName = "Toyotas_are_Cars_too!";
			productReference = 696735C41E3A727800B292A9 /* Toyotas_are_Cars_too! */;
			productType = "com.apple.product-type.tool";
		};
/* End PBXNativeTarget section */

/* Begin PBXProject section */
		696735BC1E3A727800B292A9 /* Project object */ = {
			isa = PBXProject;
			attributes = {
				LastUpgradeCheck = 0820;
				ORGANIZATIONNAME = "Trevor MacGregor";
				TargetAttributes = {
					696735C31E3A727800B292A9 = {
						CreatedOnToolsVersion = 8.2.1;
						ProvisioningStyle = Automatic;
					};
				};
			};
			buildConfigurationList = 696735BF1E3A727800B292A9 /* Build configuration list for PBXProject "Toyotas_are_Cars_too!" */;
			compatibilityVersion = "Xcode 3.2";
			developmentRegion = English;
			hasScannedForEncodings = 0;
			knownRegions = (
				en,
			);
			mainGroup = 696735BB1E3A727800B292A9;
			productRefGroup = 696735C51E3A727800B292A9 /* Products */;
			projectDirPath = "";
			projectRoot = "";
			targets = (
				696735C31E3A727800B292A9 /* Toyotas_are_Cars_too! */,
			);
		};
/* End PBXProject section */

/* Begin PBXSourcesBuildPhase section */
		696735C01E3A727800B292A9 /* Sources */ = {
			isa = PBXSourcesBuildPhase;
			buildActionMask = 2147483647;
			files = (
				69DC499C1E3BDA8500BC897B /* Toyota.m in Sources */,
				696735D01E3A729600B292A9 /* Car.m in Sources */,
				696735C81E3A727800B292A9 /* main.m in Sources */,
			);
			runOnlyForDeploymentPostprocessing = 0;
		};
/* End PBXSourcesBuildPhase section */

/* Begin XCBuildConfiguration section */
		696735C91E3A727800B292A9 /* Debug */ = {
			isa = XCBuildConfiguration;
			buildSettings = {
				ALWAYS_SEARCH_USER_PATHS = NO;
				CLANG_ANALYZER_NONNULL = YES;
				CLANG_CXX_LANGUAGE_STANDARD = "gnu++0x";
				CLANG_CXX_LIBRARY = "libc++";
				CLANG_ENABLE_MODULES = YES;
				CLANG_ENABLE_OBJC_ARC = YES;
				CLANG_WARN_BOOL_CONVERSION = YES;
				CLANG_WARN_CONSTANT_CONVERSION = YES;
				CLANG_WARN_DIRECT_OBJC_ISA_USAGE = YES_ERROR;
				CLANG_WARN_DOCUMENTATION_COMMENTS = YES;
				CLANG_WARN_EMPTY_BODY = YES;
				CLANG_WARN_ENUM_CONVERSION = YES;
				CLANG_WARN_INFINITE_RECURSION = YES;
				CLANG_WARN_INT_CONVERSION = YES;
				CLANG_WARN_OBJC_ROOT_CLASS = YES_ERROR;
				CLANG_WARN_SUSPICIOUS_MOVE = YES;
				CLANG_WARN_UNREACHABLE_CODE = YES;
				CLANG_WARN__DUPLICATE_METHOD_MATCH = YES;
				CODE_SIGN_IDENTITY = "-";
				COPY_PHASE_STRIP = NO;
				DEBUG_INFORMATION_FORMAT = dwarf;
				ENABLE_STRICT_OBJC_MSGSEND = YES;
				ENABLE_TESTABILITY = YES;
				GCC_C_LANGUAGE_STANDARD = gnu99;
				GCC_DYNAMIC_NO_PIC = NO;
				GCC_NO_COMMON_BLOCKS = YES;
				GCC_OPTIMIZATION_LEVEL = 0;
				GCC_PREPROCESSOR_DEFINITIONS = (
					"DEBUG=1",
					"$(inherited)",
				);
				GCC_WARN_64_TO_32_BIT_CONVERSION = YES;
				GCC_WARN_ABOUT_RETURN_TYPE = YES_ERROR;
				GCC_WARN_UNDECLARED_SELECTOR = YES;
				GCC_WARN_UNINITIALIZED_AUTOS = YES_AGGRESSIVE;
				GCC_WARN_UNUSED_FUNCTION = YES;
				GCC_WARN_UNUSED_VARIABLE = YES;
				MACOSX_DEPLOYMENT_TARGET = 10.11;
				MTL_ENABLE_DEBUG_INFO = YES;
				ONLY_ACTIVE_ARCH = YES;
				SDKROOT = macosx;
			};
			name = Debug;
		};
		696735CA1E3A727800B292A9 /* Release */ = {
			isa = XCBuildConfiguration;
			buildSettings = {
				ALWAYS_SEARCH_USER_PATHS = NO;
				CLANG_ANALYZER_NONNULL = YES;
				CLANG_CXX_LANGUAGE_STANDARD = "gnu++0x";
				CLANG_CXX_LIBRARY = "libc++";
				CLANG_ENABLE_MODULES = YES;
				CLANG_ENABLE_OBJC_ARC = YES;
				CLANG_WARN_BOOL_CONVERSION = YES;
				CLANG_WARN_CONSTANT_CONVERSION = YES;
				CLANG_WARN_DIRECT_OBJC_ISA_USAGE = YES_ERROR;
				CLANG_WARN_DOCUMENTATION_COMMENTS = YES;
				CLANG_WARN_EMPTY_BODY = YES;
				CLANG_WARN_ENUM_CONVERSION = YES;
				CLANG_WARN_INFINITE_RECURSION = YES;
				CLANG_WARN_INT_CONVERSION = YES;
				CLANG_WARN_OBJC_ROOT_CLASS = YES_ERROR;
				CLANG_WARN_SUSPICIOUS_MOVE = YES;
				CLANG_WARN_UNREACHABLE_CODE = YES;
				CLANG_WARN__DUPLICATE_METHOD_MATCH = YES;
				CODE_SIGN_IDENTITY = "-";
				COPY_PHASE_STRIP = NO;
				DEBUG_INFORMATION_FORMAT = "dwarf-with-dsym";
				ENABLE_NS_ASSERTIONS = NO;
				ENABLE_STRICT_OBJC_MSGSEND = YES;
				GCC_C_LANGUAGE_STANDARD = gnu99;
				GCC_NO_COMMON_BLOCKS = YES;
				GCC_WARN_64_TO_32_BIT_CONVERSION = YES;
				GCC_WARN_ABOUT_RETURN_TYPE = YES_ERROR;
				GCC_WARN_UNDECLARED_SELECTOR = YES;
				GCC_WARN_UNINITIALIZED_AUTOS = YES_AGGRESSIVE;
				GCC_WARN_UNUSED_FUNCTION = YES;
				GCC_WARN_UNUSED_VARIABLE = YES;
				MACOSX_DEPLOYMENT_TARGET = 10.11;
				MTL_ENABLE_DEBUG_INFO = NO;
				SDKROOT = macosx;
			};
			name = Release;
		};
		696735CC1E3A727800B292A9 /* Debug */ = {
			isa = XCBuildConfiguration;
			buildSettings = {
				PRODUCT_NAME = "$(TARGET_NAME)";
			};
			name = Debug;
		};
		696735CD1E3A727800B292A9 /* Release */ = {
			isa = XCBuildConfiguration;
			buildSettings = {
				PRODUCT_NAME = "$(TARGET_NAME)";
			};
			name = Release;
		};
/* End XCBuildConfiguration section */

/* Begin XCConfigurationList section */
		696735BF1E3A727800B292A9 /* Build configuration list for PBXProject "Toyotas_are_Cars_too!" */ = {
			isa = XCConfigurationList;
			buildConfigurations = (
				696735C91E3A727800B292A9 /* Debug */,
				696735CA1E3A727800B292A9 /* Release */,
			);
			defaultConfigurationIsVisible = 0;
			defaultConfigurationName = Release;
		};
		696735CB1E3A727800B292A9 /* Build configuration list for PBXNativeTarget "Toyotas_are_Cars_too!" */ = {
			isa = XCConfigurationList;
			buildConfigurations = (
				696735CC1E3A727800B292A9 /* Debug */,
				696735CD1E3A727800B292A9 /* Release */,
			);
			defaultConfigurationIsVisible = 0;
			defaultConfigurationName = Release;
		};
/* End XCConfigurationList section */
	};
	rootObject = 696735BC1E3A727800B292A9 /* Project object */;
}
